// !$*UTF8*$!
{
	archiveVersion = 1;
	classes = {
	};
	objectVersion = 55;
	objects = {

/* Begin PBXBuildFile section */
		120140A32AC8AE0000BAC43C /* CryptoCoinAppApp.swift in Sources */ = {isa = PBXBuildFile; fileRef = 120140A22AC8AE0000BAC43C /* CryptoCoinAppApp.swift */; };
		120140AA2AC8AE0200BAC43C /* Preview Assets.xcassets in Resources */ = {isa = PBXBuildFile; fileRef = 120140A92AC8AE0200BAC43C /* Preview Assets.xcassets */; };
		120140B22AC8AE4B00BAC43C /* Color.swift in Sources */ = {isa = PBXBuildFile; fileRef = 120140B12AC8AE4B00BAC43C /* Color.swift */; };
		120140CA2AC8BA9500BAC43C /* Assets.xcassets in Resources */ = {isa = PBXBuildFile; fileRef = 120140C92AC8BA9500BAC43C /* Assets.xcassets */; };
		122A06412ACC2A70009B5C0C /* SearchBarView.swift in Sources */ = {isa = PBXBuildFile; fileRef = 122A06402ACC2A70009B5C0C /* SearchBarView.swift */; };
		122A06432ACC2F62009B5C0C /* UIApllication.swift in Sources */ = {isa = PBXBuildFile; fileRef = 122A06422ACC2F62009B5C0C /* UIApllication.swift */; };
		126FAADF2AC9CD540070343B /* HomeView.swift in Sources */ = {isa = PBXBuildFile; fileRef = 126FAADE2AC9CD540070343B /* HomeView.swift */; };
		1295DB252ACBB0B000F68C04 /* CoinImageService.swift in Sources */ = {isa = PBXBuildFile; fileRef = 1295DB242ACBB0B000F68C04 /* CoinImageService.swift */; };
		1295DB282ACBB3D500F68C04 /* CoinImageView.swift in Sources */ = {isa = PBXBuildFile; fileRef = 1295DB272ACBB3D500F68C04 /* CoinImageView.swift */; };
		1295DB2A2ACBBFFC00F68C04 /* CoinImageViewModel.swift in Sources */ = {isa = PBXBuildFile; fileRef = 1295DB292ACBBFFC00F68C04 /* CoinImageViewModel.swift */; };
		1295DB2C2ACBC0A300F68C04 /* LocalFileManager.swift in Sources */ = {isa = PBXBuildFile; fileRef = 1295DB2B2ACBC0A300F68C04 /* LocalFileManager.swift */; };
		12A54AEA2ACE106A00D543E3 /* StatisticModel.swift in Sources */ = {isa = PBXBuildFile; fileRef = 12A54AE92ACE106A00D543E3 /* StatisticModel.swift */; };
		12DAF8362ACA744C00A64B1B /* Double.swift in Sources */ = {isa = PBXBuildFile; fileRef = 12DAF8342ACA744C00A64B1B /* Double.swift */; };
		12DAF8392ACA74A900A64B1B /* CoinModel.swift in Sources */ = {isa = PBXBuildFile; fileRef = 12DAF8382ACA74A900A64B1B /* CoinModel.swift */; };
		12DAF83B2ACA7B1B00A64B1B /* CircleView.swift in Sources */ = {isa = PBXBuildFile; fileRef = 12DAF83A2ACA7B1B00A64B1B /* CircleView.swift */; };
		12DAF83D2ACA7B3E00A64B1B /* AnimationCircle.swift in Sources */ = {isa = PBXBuildFile; fileRef = 12DAF83C2ACA7B3E00A64B1B /* AnimationCircle.swift */; };
		12DAF83F2ACA7C0A00A64B1B /* HomeRowView.swift in Sources */ = {isa = PBXBuildFile; fileRef = 12DAF83E2ACA7C0A00A64B1B /* HomeRowView.swift */; };
		12DAF8422ACA83A700A64B1B /* NetworkService.swift in Sources */ = {isa = PBXBuildFile; fileRef = 12DAF8412ACA83A700A64B1B /* NetworkService.swift */; };
		12DAF8442ACA858000A64B1B /* HomeViewModel.swift in Sources */ = {isa = PBXBuildFile; fileRef = 12DAF8432ACA858000A64B1B /* HomeViewModel.swift */; };
		12DAF8462ACA861900A64B1B /* CoinsManager.swift in Sources */ = {isa = PBXBuildFile; fileRef = 12DAF8452ACA861900A64B1B /* CoinsManager.swift */; };
/* End PBXBuildFile section */

/* Begin PBXFileReference section */
		1201409F2AC8AE0000BAC43C /* CryptoCoinApp.app */ = {isa = PBXFileReference; explicitFileType = wrapper.application; includeInIndex = 0; path = CryptoCoinApp.app; sourceTree = BUILT_PRODUCTS_DIR; };
		120140A22AC8AE0000BAC43C /* CryptoCoinAppApp.swift */ = {isa = PBXFileReference; lastKnownFileType = sourcecode.swift; path = CryptoCoinAppApp.swift; sourceTree = "<group>"; };
		120140A92AC8AE0200BAC43C /* Preview Assets.xcassets */ = {isa = PBXFileReference; lastKnownFileType = folder.assetcatalog; path = "Preview Assets.xcassets"; sourceTree = "<group>"; };
		120140B12AC8AE4B00BAC43C /* Color.swift */ = {isa = PBXFileReference; lastKnownFileType = sourcecode.swift; path = Color.swift; sourceTree = "<group>"; };
		120140C92AC8BA9500BAC43C /* Assets.xcassets */ = {isa = PBXFileReference; lastKnownFileType = folder.assetcatalog; name = Assets.xcassets; path = ../../../Downloads/Resources/Assets.xcassets; sourceTree = "<group>"; };
		122A06402ACC2A70009B5C0C /* SearchBarView.swift */ = {isa = PBXFileReference; lastKnownFileType = sourcecode.swift; path = SearchBarView.swift; sourceTree = "<group>"; };
		122A06422ACC2F62009B5C0C /* UIApllication.swift */ = {isa = PBXFileReference; lastKnownFileType = sourcecode.swift; path = UIApllication.swift; sourceTree = "<group>"; };
		126FAADE2AC9CD540070343B /* HomeView.swift */ = {isa = PBXFileReference; lastKnownFileType = sourcecode.swift; path = HomeView.swift; sourceTree = "<group>"; };
		1295DB242ACBB0B000F68C04 /* CoinImageService.swift */ = {isa = PBXFileReference; lastKnownFileType = sourcecode.swift; path = CoinImageService.swift; sourceTree = "<group>"; };
		1295DB272ACBB3D500F68C04 /* CoinImageView.swift */ = {isa = PBXFileReference; lastKnownFileType = sourcecode.swift; path = CoinImageView.swift; sourceTree = "<group>"; };
		1295DB292ACBBFFC00F68C04 /* CoinImageViewModel.swift */ = {isa = PBXFileReference; lastKnownFileType = sourcecode.swift; path = CoinImageViewModel.swift; sourceTree = "<group>"; };
		1295DB2B2ACBC0A300F68C04 /* LocalFileManager.swift */ = {isa = PBXFileReference; lastKnownFileType = sourcecode.swift; path = LocalFileManager.swift; sourceTree = "<group>"; };
		12A54AE92ACE106A00D543E3 /* StatisticModel.swift */ = {isa = PBXFileReference; lastKnownFileType = sourcecode.swift; path = StatisticModel.swift; sourceTree = "<group>"; };
		12DAF8342ACA744C00A64B1B /* Double.swift */ = {isa = PBXFileReference; fileEncoding = 4; lastKnownFileType = sourcecode.swift; path = Double.swift; sourceTree = "<group>"; };
		12DAF8382ACA74A900A64B1B /* CoinModel.swift */ = {isa = PBXFileReference; fileEncoding = 4; lastKnownFileType = sourcecode.swift; path = CoinModel.swift; sourceTree = "<group>"; };
		12DAF83A2ACA7B1B00A64B1B /* CircleView.swift */ = {isa = PBXFileReference; lastKnownFileType = sourcecode.swift; path = CircleView.swift; sourceTree = "<group>"; };
		12DAF83C2ACA7B3E00A64B1B /* AnimationCircle.swift */ = {isa = PBXFileReference; lastKnownFileType = sourcecode.swift; path = AnimationCircle.swift; sourceTree = "<group>"; };
		12DAF83E2ACA7C0A00A64B1B /* HomeRowView.swift */ = {isa = PBXFileReference; lastKnownFileType = sourcecode.swift; path = HomeRowView.swift; sourceTree = "<group>"; };
		12DAF8412ACA83A700A64B1B /* NetworkService.swift */ = {isa = PBXFileReference; lastKnownFileType = sourcecode.swift; path = NetworkService.swift; sourceTree = "<group>"; };
		12DAF8432ACA858000A64B1B /* HomeViewModel.swift */ = {isa = PBXFileReference; lastKnownFileType = sourcecode.swift; path = HomeViewModel.swift; sourceTree = "<group>"; };
		12DAF8452ACA861900A64B1B /* CoinsManager.swift */ = {isa = PBXFileReference; lastKnownFileType = sourcecode.swift; path = CoinsManager.swift; sourceTree = "<group>"; };
/* End PBXFileReference section */

/* Begin PBXFrameworksBuildPhase section */
		1201409C2AC8AE0000BAC43C /* Frameworks */ = {
			isa = PBXFrameworksBuildPhase;
			buildActionMask = 2147483647;
			files = (
			);
			runOnlyForDeploymentPostprocessing = 0;
		};
/* End PBXFrameworksBuildPhase section */

/* Begin PBXGroup section */
		120140962AC8AE0000BAC43C = {
			isa = PBXGroup;
			children = (
				120140A12AC8AE0000BAC43C /* CryptoCoinApp */,
				120140A02AC8AE0000BAC43C /* Products */,
			);
			sourceTree = "<group>";
		};
		120140A02AC8AE0000BAC43C /* Products */ = {
			isa = PBXGroup;
			children = (
				1201409F2AC8AE0000BAC43C /* CryptoCoinApp.app */,
			);
			name = Products;
			sourceTree = "<group>";
		};
		120140A12AC8AE0000BAC43C /* CryptoCoinApp */ = {
			isa = PBXGroup;
			children = (
				120140A22AC8AE0000BAC43C /* CryptoCoinAppApp.swift */,
				126FAADB2AC9CD1D0070343B /* Home */,
				120140B02AC8AE2D00BAC43C /* Extensions */,
				12DAF8402ACA82EF00A64B1B /* Services */,
				120140C92AC8BA9500BAC43C /* Assets.xcassets */,
				120140A82AC8AE0200BAC43C /* Preview Content */,
			);
			path = CryptoCoinApp;
			sourceTree = "<group>";
		};
		120140A82AC8AE0200BAC43C /* Preview Content */ = {
			isa = PBXGroup;
			children = (
				120140A92AC8AE0200BAC43C /* Preview Assets.xcassets */,
			);
			path = "Preview Content";
			sourceTree = "<group>";
		};
		120140B02AC8AE2D00BAC43C /* Extensions */ = {
			isa = PBXGroup;
			children = (
				120140B12AC8AE4B00BAC43C /* Color.swift */,
				12DAF8342ACA744C00A64B1B /* Double.swift */,
				122A06422ACC2F62009B5C0C /* UIApllication.swift */,
			);
			path = Extensions;
			sourceTree = "<group>";
		};
		126FAADB2AC9CD1D0070343B /* Home */ = {
			isa = PBXGroup;
			children = (
				12A54AE82ACE102900D543E3 /* Models */,
				126FAADD2AC9CD310070343B /* ViewModels */,
				126FAADC2AC9CD280070343B /* Views */,
			);
			path = Home;
			sourceTree = "<group>";
		};
		126FAADC2AC9CD280070343B /* Views */ = {
			isa = PBXGroup;
			children = (
				126FAADE2AC9CD540070343B /* HomeView.swift */,
				12DAF83A2ACA7B1B00A64B1B /* CircleView.swift */,
				12DAF83C2ACA7B3E00A64B1B /* AnimationCircle.swift */,
				12DAF83E2ACA7C0A00A64B1B /* HomeRowView.swift */,
				1295DB272ACBB3D500F68C04 /* CoinImageView.swift */,
				122A06402ACC2A70009B5C0C /* SearchBarView.swift */,
			);
			path = Views;
			sourceTree = "<group>";
		};
		126FAADD2AC9CD310070343B /* ViewModels */ = {
			isa = PBXGroup;
			children = (
				12DAF8432ACA858000A64B1B /* HomeViewModel.swift */,
				1295DB292ACBBFFC00F68C04 /* CoinImageViewModel.swift */,
			);
			path = ViewModels;
			sourceTree = "<group>";
		};
		12A54AE82ACE102900D543E3 /* Models */ = {
			isa = PBXGroup;
			children = (
				12DAF8382ACA74A900A64B1B /* CoinModel.swift */,
				12A54AE92ACE106A00D543E3 /* StatisticModel.swift */,
			);
			path = Models;
			sourceTree = "<group>";
		};
		12DAF8402ACA82EF00A64B1B /* Services */ = {
			isa = PBXGroup;
			children = (
				12DAF8412ACA83A700A64B1B /* NetworkService.swift */,
				12DAF8452ACA861900A64B1B /* CoinsManager.swift */,
				1295DB242ACBB0B000F68C04 /* CoinImageService.swift */,
				1295DB2B2ACBC0A300F68C04 /* LocalFileManager.swift */,
			);
			path = Services;
			sourceTree = "<group>";
		};
/* End PBXGroup section */

/* Begin PBXNativeTarget section */
		1201409E2AC8AE0000BAC43C /* CryptoCoinApp */ = {
			isa = PBXNativeTarget;
			buildConfigurationList = 120140AD2AC8AE0200BAC43C /* Build configuration list for PBXNativeTarget "CryptoCoinApp" */;
			buildPhases = (
				1201409B2AC8AE0000BAC43C /* Sources */,
				1201409C2AC8AE0000BAC43C /* Frameworks */,
				1201409D2AC8AE0000BAC43C /* Resources */,
			);
			buildRules = (
			);
			dependencies = (
			);
			name = CryptoCoinApp;
			productName = CryptoCoinApp;
			productReference = 1201409F2AC8AE0000BAC43C /* CryptoCoinApp.app */;
			productType = "com.apple.product-type.application";
		};
/* End PBXNativeTarget section */

/* Begin PBXProject section */
		120140972AC8AE0000BAC43C /* Project object */ = {
			isa = PBXProject;
			attributes = {
				BuildIndependentTargetsInParallel = 1;
				LastSwiftUpdateCheck = 1330;
				LastUpgradeCheck = 1330;
				TargetAttributes = {
					1201409E2AC8AE0000BAC43C = {
						CreatedOnToolsVersion = 13.3;
					};
				};
			};
			buildConfigurationList = 1201409A2AC8AE0000BAC43C /* Build configuration list for PBXProject "CryptoCoinApp" */;
			compatibilityVersion = "Xcode 13.0";
			developmentRegion = en;
			hasScannedForEncodings = 0;
			knownRegions = (
				en,
				Base,
			);
			mainGroup = 120140962AC8AE0000BAC43C;
			productRefGroup = 120140A02AC8AE0000BAC43C /* Products */;
			projectDirPath = "";
			projectRoot = "";
			targets = (
				1201409E2AC8AE0000BAC43C /* CryptoCoinApp */,
			);
		};
/* End PBXProject section */

/* Begin PBXResourcesBuildPhase section */
		1201409D2AC8AE0000BAC43C /* Resources */ = {
			isa = PBXResourcesBuildPhase;
			buildActionMask = 2147483647;
			files = (
				120140AA2AC8AE0200BAC43C /* Preview Assets.xcassets in Resources */,
				120140CA2AC8BA9500BAC43C /* Assets.xcassets in Resources */,
			);
			runOnlyForDeploymentPostprocessing = 0;
		};
/* End PBXResourcesBuildPhase section */

/* Begin PBXSourcesBuildPhase section */
		1201409B2AC8AE0000BAC43C /* Sources */ = {
			isa = PBXSourcesBuildPhase;
			buildActionMask = 2147483647;
			files = (
				1295DB282ACBB3D500F68C04 /* CoinImageView.swift in Sources */,
				12DAF8462ACA861900A64B1B /* CoinsManager.swift in Sources */,
				1295DB2C2ACBC0A300F68C04 /* LocalFileManager.swift in Sources */,
				12DAF83F2ACA7C0A00A64B1B /* HomeRowView.swift in Sources */,
				122A06412ACC2A70009B5C0C /* SearchBarView.swift in Sources */,
				1295DB2A2ACBBFFC00F68C04 /* CoinImageViewModel.swift in Sources */,
				12DAF83D2ACA7B3E00A64B1B /* AnimationCircle.swift in Sources */,
				12DAF83B2ACA7B1B00A64B1B /* CircleView.swift in Sources */,
				12DAF8442ACA858000A64B1B /* HomeViewModel.swift in Sources */,
				126FAADF2AC9CD540070343B /* HomeView.swift in Sources */,
				12DAF8422ACA83A700A64B1B /* NetworkService.swift in Sources */,
				120140A32AC8AE0000BAC43C /* CryptoCoinAppApp.swift in Sources */,
				122A06432ACC2F62009B5C0C /* UIApllication.swift in Sources */,
				12DAF8362ACA744C00A64B1B /* Double.swift in Sources */,
				12DAF8392ACA74A900A64B1B /* CoinModel.swift in Sources */,
				1295DB252ACBB0B000F68C04 /* CoinImageService.swift in Sources */,
				12A54AEA2ACE106A00D543E3 /* StatisticModel.swift in Sources */,
				120140B22AC8AE4B00BAC43C /* Color.swift in Sources */,
			);
			runOnlyForDeploymentPostprocessing = 0;
		};
/* End PBXSourcesBuildPhase section */

/* Begin XCBuildConfiguration section */
		120140AB2AC8AE0200BAC43C /* Debug */ = {
			isa = XCBuildConfiguration;
			buildSettings = {
				ALWAYS_SEARCH_USER_PATHS = NO;
				CLANG_ANALYZER_NONNULL = YES;
				CLANG_ANALYZER_NUMBER_OBJECT_CONVERSION = YES_AGGRESSIVE;
				CLANG_CXX_LANGUAGE_STANDARD = "gnu++17";
				CLANG_ENABLE_MODULES = YES;
				CLANG_ENABLE_OBJC_ARC = YES;
				CLANG_ENABLE_OBJC_WEAK = YES;
				CLANG_WARN_BLOCK_CAPTURE_AUTORELEASING = YES;
				CLANG_WARN_BOOL_CONVERSION = YES;
				CLANG_WARN_COMMA = YES;
				CLANG_WARN_CONSTANT_CONVERSION = YES;
				CLANG_WARN_DEPRECATED_OBJC_IMPLEMENTATIONS = YES;
				CLANG_WARN_DIRECT_OBJC_ISA_USAGE = YES_ERROR;
				CLANG_WARN_DOCUMENTATION_COMMENTS = YES;
				CLANG_WARN_EMPTY_BODY = YES;
				CLANG_WARN_ENUM_CONVERSION = YES;
				CLANG_WARN_INFINITE_RECURSION = YES;
				CLANG_WARN_INT_CONVERSION = YES;
				CLANG_WARN_NON_LITERAL_NULL_CONVERSION = YES;
				CLANG_WARN_OBJC_IMPLICIT_RETAIN_SELF = YES;
				CLANG_WARN_OBJC_LITERAL_CONVERSION = YES;
				CLANG_WARN_OBJC_ROOT_CLASS = YES_ERROR;
				CLANG_WARN_QUOTED_INCLUDE_IN_FRAMEWORK_HEADER = YES;
				CLANG_WARN_RANGE_LOOP_ANALYSIS = YES;
				CLANG_WARN_STRICT_PROTOTYPES = YES;
				CLANG_WARN_SUSPICIOUS_MOVE = YES;
				CLANG_WARN_UNGUARDED_AVAILABILITY = YES_AGGRESSIVE;
				CLANG_WARN_UNREACHABLE_CODE = YES;
				CLANG_WARN__DUPLICATE_METHOD_MATCH = YES;
				COPY_PHASE_STRIP = NO;
				DEBUG_INFORMATION_FORMAT = dwarf;
				ENABLE_STRICT_OBJC_MSGSEND = YES;
				ENABLE_TESTABILITY = YES;
				GCC_C_LANGUAGE_STANDARD = gnu11;
				GCC_DYNAMIC_NO_PIC = NO;
				GCC_NO_COMMON_BLOCKS = YES;
				GCC_OPTIMIZATION_LEVEL = 0;
				GCC_PREPROCESSOR_DEFINITIONS = (
					"DEBUG=1",
					"$(inherited)",
				);
				GCC_WARN_64_TO_32_BIT_CONVERSION = YES;
				GCC_WARN_ABOUT_RETURN_TYPE = YES_ERROR;
				GCC_WARN_UNDECLARED_SELECTOR = YES;
				GCC_WARN_UNINITIALIZED_AUTOS = YES_AGGRESSIVE;
				GCC_WARN_UNUSED_FUNCTION = YES;
				GCC_WARN_UNUSED_VARIABLE = YES;
				IPHONEOS_DEPLOYMENT_TARGET = 15.4;
				MTL_ENABLE_DEBUG_INFO = INCLUDE_SOURCE;
				MTL_FAST_MATH = YES;
				ONLY_ACTIVE_ARCH = YES;
				SDKROOT = iphoneos;
				SWIFT_ACTIVE_COMPILATION_CONDITIONS = DEBUG;
				SWIFT_OPTIMIZATION_LEVEL = "-Onone";
			};
			name = Debug;
		};
		120140AC2AC8AE0200BAC43C /* Release */ = {
			isa = XCBuildConfiguration;
			buildSettings = {
				ALWAYS_SEARCH_USER_PATHS = NO;
				CLANG_ANALYZER_NONNULL = YES;
				CLANG_ANALYZER_NUMBER_OBJECT_CONVERSION = YES_AGGRESSIVE;
				CLANG_CXX_LANGUAGE_STANDARD = "gnu++17";
				CLANG_ENABLE_MODULES = YES;
				CLANG_ENABLE_OBJC_ARC = YES;
				CLANG_ENABLE_OBJC_WEAK = YES;
				CLANG_WARN_BLOCK_CAPTURE_AUTORELEASING = YES;
				CLANG_WARN_BOOL_CONVERSION = YES;
				CLANG_WARN_COMMA = YES;
				CLANG_WARN_CONSTANT_CONVERSION = YES;
				CLANG_WARN_DEPRECATED_OBJC_IMPLEMENTATIONS = YES;
				CLANG_WARN_DIRECT_OBJC_ISA_USAGE = YES_ERROR;
				CLANG_WARN_DOCUMENTATION_COMMENTS = YES;
				CLANG_WARN_EMPTY_BODY = YES;
				CLANG_WARN_ENUM_CONVERSION = YES;
				CLANG_WARN_INFINITE_RECURSION = YES;
				CLANG_WARN_INT_CONVERSION = YES;
				CLANG_WARN_NON_LITERAL_NULL_CONVERSION = YES;
				CLANG_WARN_OBJC_IMPLICIT_RETAIN_SELF = YES;
				CLANG_WARN_OBJC_LITERAL_CONVERSION = YES;
				CLANG_WARN_OBJC_ROOT_CLASS = YES_ERROR;
				CLANG_WARN_QUOTED_INCLUDE_IN_FRAMEWORK_HEADER = YES;
				CLANG_WARN_RANGE_LOOP_ANALYSIS = YES;
				CLANG_WARN_STRICT_PROTOTYPES = YES;
				CLANG_WARN_SUSPICIOUS_MOVE = YES;
				CLANG_WARN_UNGUARDED_AVAILABILITY = YES_AGGRESSIVE;
				CLANG_WARN_UNREACHABLE_CODE = YES;
				CLANG_WARN__DUPLICATE_METHOD_MATCH = YES;
				COPY_PHASE_STRIP = NO;
				DEBUG_INFORMATION_FORMAT = "dwarf-with-dsym";
				ENABLE_NS_ASSERTIONS = NO;
				ENABLE_STRICT_OBJC_MSGSEND = YES;
				GCC_C_LANGUAGE_STANDARD = gnu11;
				GCC_NO_COMMON_BLOCKS = YES;
				GCC_WARN_64_TO_32_BIT_CONVERSION = YES;
				GCC_WARN_ABOUT_RETURN_TYPE = YES_ERROR;
				GCC_WARN_UNDECLARED_SELECTOR = YES;
				GCC_WARN_UNINITIALIZED_AUTOS = YES_AGGRESSIVE;
				GCC_WARN_UNUSED_FUNCTION = YES;
				GCC_WARN_UNUSED_VARIABLE = YES;
				IPHONEOS_DEPLOYMENT_TARGET = 15.4;
				MTL_ENABLE_DEBUG_INFO = NO;
				MTL_FAST_MATH = YES;
				SDKROOT = iphoneos;
				SWIFT_COMPILATION_MODE = wholemodule;
				SWIFT_OPTIMIZATION_LEVEL = "-O";
				VALIDATE_PRODUCT = YES;
			};
			name = Release;
		};
		120140AE2AC8AE0200BAC43C /* Debug */ = {
			isa = XCBuildConfiguration;
			buildSettings = {
				ASSETCATALOG_COMPILER_APPICON_NAME = AppIcon;
				ASSETCATALOG_COMPILER_GLOBAL_ACCENT_COLOR_NAME = AccentColor;
				CODE_SIGN_STYLE = Automatic;
				CURRENT_PROJECT_VERSION = 1;
				DEVELOPMENT_ASSET_PATHS = "\"CryptoCoinApp/Preview Content\"";
				ENABLE_PREVIEWS = YES;
				GENERATE_INFOPLIST_FILE = YES;
				INFOPLIST_KEY_UIApplicationSceneManifest_Generation = YES;
				INFOPLIST_KEY_UIApplicationSupportsIndirectInputEvents = YES;
				INFOPLIST_KEY_UILaunchScreen_Generation = YES;
				INFOPLIST_KEY_UISupportedInterfaceOrientations_iPad = "UIInterfaceOrientationPortrait UIInterfaceOrientationPortraitUpsideDown UIInterfaceOrientationLandscapeLeft UIInterfaceOrientationLandscapeRight";
				INFOPLIST_KEY_UISupportedInterfaceOrientations_iPhone = "UIInterfaceOrientationPortrait UIInterfaceOrientationLandscapeLeft UIInterfaceOrientationLandscapeRight";
				LD_RUNPATH_SEARCH_PATHS = (
					"$(inherited)",
					"@executable_path/Frameworks",
				);
				MARKETING_VERSION = 1.0;
				PRODUCT_BUNDLE_IDENTIFIER = maged.com.CryptoCoinApp;
				PRODUCT_NAME = "$(TARGET_NAME)";
				SWIFT_EMIT_LOC_STRINGS = YES;
				SWIFT_VERSION = 5.0;
				TARGETED_DEVICE_FAMILY = "1,2";
			};
			name = Debug;
		};
		120140AF2AC8AE0200BAC43C /* Release */ = {
			isa = XCBuildConfiguration;
			buildSettings = {
				ASSETCATALOG_COMPILER_APPICON_NAME = AppIcon;
				ASSETCATALOG_COMPILER_GLOBAL_ACCENT_COLOR_NAME = AccentColor;
				CODE_SIGN_STYLE = Automatic;
				CURRENT_PROJECT_VERSION = 1;
				DEVELOPMENT_ASSET_PATHS = "\"CryptoCoinApp/Preview Content\"";
				ENABLE_PREVIEWS = YES;
				GENERATE_INFOPLIST_FILE = YES;
				INFOPLIST_KEY_UIApplicationSceneManifest_Generation = YES;
				INFOPLIST_KEY_UIApplicationSupportsIndirectInputEvents = YES;
				INFOPLIST_KEY_UILaunchScreen_Generation = YES;
				INFOPLIST_KEY_UISupportedInterfaceOrientations_iPad = "UIInterfaceOrientationPortrait UIInterfaceOrientationPortraitUpsideDown UIInterfaceOrientationLandscapeLeft UIInterfaceOrientationLandscapeRight";
				INFOPLIST_KEY_UISupportedInterfaceOrientations_iPhone = "UIInterfaceOrientationPortrait UIInterfaceOrientationLandscapeLeft UIInterfaceOrientationLandscapeRight";
				LD_RUNPATH_SEARCH_PATHS = (
					"$(inherited)",
					"@executable_path/Frameworks",
				);
				MARKETING_VERSION = 1.0;
				PRODUCT_BUNDLE_IDENTIFIER = maged.com.CryptoCoinApp;
				PRODUCT_NAME = "$(TARGET_NAME)";
				SWIFT_EMIT_LOC_STRINGS = YES;
				SWIFT_VERSION = 5.0;
				TARGETED_DEVICE_FAMILY = "1,2";
			};
			name = Release;
		};
/* End XCBuildConfiguration section */

/* Begin XCConfigurationList section */
		1201409A2AC8AE0000BAC43C /* Build configuration list for PBXProject "CryptoCoinApp" */ = {
			isa = XCConfigurationList;
			buildConfigurations = (
				120140AB2AC8AE0200BAC43C /* Debug */,
				120140AC2AC8AE0200BAC43C /* Release */,
			);
			defaultConfigurationIsVisible = 0;
			defaultConfigurationName = Release;
		};
		120140AD2AC8AE0200BAC43C /* Build configuration list for PBXNativeTarget "CryptoCoinApp" */ = {
			isa = XCConfigurationList;
			buildConfigurations = (
				120140AE2AC8AE0200BAC43C /* Debug */,
				120140AF2AC8AE0200BAC43C /* Release */,
			);
			defaultConfigurationIsVisible = 0;
			defaultConfigurationName = Release;
		};
/* End XCConfigurationList section */
	};
	rootObject = 120140972AC8AE0000BAC43C /* Project object */;
}
